
Microsoft Visual Studio Solution File, Format Version 12.00
# Visual Studio Version 17
VisualStudioVersion = 17.5.2.0
MinimumVisualStudioVersion = 10.0.40219.1
Project("{FAE04EC0-301F-11D3-BF4B-00C04F79EFBC}") = "WeChatAuto", "WeChatAuto\WeChatAuto.csproj", "{19208C12-A25A-E045-FBF6-76EAC8E06B39}"
EndProject
Project("{FAE04EC0-301F-11D3-BF4B-00C04F79EFBC}") = "WeChatAuto.Tests", "WeChatAuto.Tests\WeChatAuto.Tests.csproj", "{FC8084BE-3510-4E4A-DD21-621FA4B9E5C6}"
EndProject
Project("{FAE04EC0-301F-11D3-BF4B-00C04F79EFBC}") = "WeAutoCommon", "..\WeAutoCommon\WeAutoCommon.csproj", "{3E46BC12-B73B-4A05-A3A5-FE11EAB67E0E}"
EndProject
Global
	GlobalSection(SolutionConfigurationPlatforms) = preSolution
		Debug|Any CPU = Debug|Any CPU
		Debug|x64 = Debug|x64
		Debug|x86 = Debug|x86
		Release|Any CPU = Release|Any CPU
		Release|x64 = Release|x64
		Release|x86 = Release|x86
	EndGlobalSection
	GlobalSection(ProjectConfigurationPlatforms) = postSolution
		{19208C12-A25A-E045-FBF6-76EAC8E06B39}.Debug|Any CPU.ActiveCfg = Debug|Any CPU
		{19208C12-A25A-E045-FBF6-76EAC8E06B39}.Debug|Any CPU.Build.0 = Debug|Any CPU
		{19208C12-A25A-E045-FBF6-76EAC8E06B39}.Debug|x64.ActiveCfg = Debug|Any CPU
		{19208C12-A25A-E045-FBF6-76EAC8E06B39}.Debug|x64.Build.0 = Debug|Any CPU
		{19208C12-A25A-E045-FBF6-76EAC8E06B39}.Debug|x86.ActiveCfg = Debug|Any CPU
		{19208C12-A25A-E045-FBF6-76EAC8E06B39}.Debug|x86.Build.0 = Debug|Any CPU
		{19208C12-A25A-E045-FBF6-76EAC8E06B39}.Release|Any CPU.ActiveCfg = Release|Any CPU
		{19208C12-A25A-E045-FBF6-76EAC8E06B39}.Release|Any CPU.Build.0 = Release|Any CPU
		{19208C12-A25A-E045-FBF6-76EAC8E06B39}.Release|x64.ActiveCfg = Release|Any CPU
		{19208C12-A25A-E045-FBF6-76EAC8E06B39}.Release|x64.Build.0 = Release|Any CPU
		{19208C12-A25A-E045-FBF6-76EAC8E06B39}.Release|x86.ActiveCfg = Release|Any CPU
		{19208C12-A25A-E045-FBF6-76EAC8E06B39}.Release|x86.Build.0 = Release|Any CPU
		{FC8084BE-3510-4E4A-DD21-621FA4B9E5C6}.Debug|Any CPU.ActiveCfg = Debug|Any CPU
		{FC8084BE-3510-4E4A-DD21-621FA4B9E5C6}.Debug|Any CPU.Build.0 = Debug|Any CPU
		{FC8084BE-3510-4E4A-DD21-621FA4B9E5C6}.Debug|x64.ActiveCfg = Debug|Any CPU
		{FC8084BE-3510-4E4A-DD21-621FA4B9E5C6}.Debug|x64.Build.0 = Debug|Any CPU
		{FC8084BE-3510-4E4A-DD21-621FA4B9E5C6}.Debug|x86.ActiveCfg = Debug|Any CPU
		{FC8084BE-3510-4E4A-DD21-621FA4B9E5C6}.Debug|x86.Build.0 = Debug|Any CPU
		{FC8084BE-3510-4E4A-DD21-621FA4B9E5C6}.Release|Any CPU.ActiveCfg = Release|Any CPU
		{FC8084BE-3510-4E4A-DD21-621FA4B9E5C6}.Release|Any CPU.Build.0 = Release|Any CPU
		{FC8084BE-3510-4E4A-DD21-621FA4B9E5C6}.Release|x64.ActiveCfg = Release|Any CPU
		{FC8084BE-3510-4E4A-DD21-621FA4B9E5C6}.Release|x64.Build.0 = Release|Any CPU
		{FC8084BE-3510-4E4A-DD21-621FA4B9E5C6}.Release|x86.ActiveCfg = Release|Any CPU
		{FC8084BE-3510-4E4A-DD21-621FA4B9E5C6}.Release|x86.Build.0 = Release|Any CPU
		{3E46BC12-B73B-4A05-A3A5-FE11EAB67E0E}.Debug|Any CPU.ActiveCfg = Debug|Any CPU
		{3E46BC12-B73B-4A05-A3A5-FE11EAB67E0E}.Debug|Any CPU.Build.0 = Debug|Any CPU
		{3E46BC12-B73B-4A05-A3A5-FE11EAB67E0E}.Debug|x64.ActiveCfg = Debug|Any CPU
		{3E46BC12-B73B-4A05-A3A5-FE11EAB67E0E}.Debug|x64.Build.0 = Debug|Any CPU
		{3E46BC12-B73B-4A05-A3A5-FE11EAB67E0E}.Debug|x86.ActiveCfg = Debug|Any CPU
		{3E46BC12-B73B-4A05-A3A5-FE11EAB67E0E}.Debug|x86.Build.0 = Debug|Any CPU
		{3E46BC12-B73B-4A05-A3A5-FE11EAB67E0E}.Release|Any CPU.ActiveCfg = Release|Any CPU
		{3E46BC12-B73B-4A05-A3A5-FE11EAB67E0E}.Release|Any CPU.Build.0 = Release|Any CPU
		{3E46BC12-B73B-4A05-A3A5-FE11EAB67E0E}.Release|x64.ActiveCfg = Release|Any CPU
		{3E46BC12-B73B-4A05-A3A5-FE11EAB67E0E}.Release|x64.Build.0 = Release|Any CPU
		{3E46BC12-B73B-4A05-A3A5-FE11EAB67E0E}.Release|x86.ActiveCfg = Release|Any CPU
		{3E46BC12-B73B-4A05-A3A5-FE11EAB67E0E}.Release|x86.Build.0 = Release|Any CPU
	EndGlobalSection
	GlobalSection(SolutionProperties) = preSolution
		HideSolutionNode = FALSE
	EndGlobalSection
	GlobalSection(ExtensibilityGlobals) = postSolution
		SolutionGuid = {B4C855E7-CB46-4E1C-B100-312D23163038}
	EndGlobalSection
EndGlobal
