Microsoft Visual Studio Solution File, Format Version 12.00
# Visual Studio Version 17
VisualStudioVersion = 17.5.2.0
MinimumVisualStudioVersion = 10.0.40219.1
Project("{FAE04EC0-301F-11D3-BF4B-00C04F79EFBC}") = "WxAutoCore", "WxAutoCore.csproj", "{AA6676EE-8D5F-234C-53C2-EF2E19B07528}"
EndProject
Global
	GlobalSection(SolutionConfigurationPlatforms) = preSolution
		Debug|Any CPU = Debug|Any CPU
		Release|Any CPU = Release|Any CPU
	EndGlobalSection
	GlobalSection(ProjectConfigurationPlatforms) = postSolution
		{AA6676EE-8D5F-234C-53C2-EF2E19B07528}.Debug|Any CPU.ActiveCfg = Debug|Any CPU
		{AA6676EE-8D5F-234C-53C2-EF2E19B07528}.Debug|Any CPU.Build.0 = Debug|Any CPU
		{AA6676EE-8D5F-234C-53C2-EF2E19B07528}.Release|Any CPU.ActiveCfg = Release|Any CPU
		{AA6676EE-8D5F-234C-53C2-EF2E19B07528}.Release|Any CPU.Build.0 = Release|Any CPU
	EndGlobalSection
	GlobalSection(SolutionProperties) = preSolution
		HideSolutionNode = FALSE
	EndGlobalSection
	GlobalSection(ExtensibilityGlobals) = postSolution
		SolutionGuid = {FCE3FDCE-DBC7-4B46-8B31-689A872F4C35}
	EndGlobalSection
EndGlobal
